
Microsoft Visual Studio Solution File, Format Version 12.00
# Visual Studio Version 16
VisualStudioVersion = 16.0.810.7
MinimumVisualStudioVersion = 10.0.40219.1
Project("{FAE04EC0-301F-11D3-BF4B-00C04F79EFBC}") = "SupplementCRUDAPI", "SupplementCRUDAPI\SupplementCRUDAPI.csproj", "{4E3CC379-0A6E-42BA-9F20-29222D054CC9}"
EndProject
Project("{2150E333-8FDC-42A3-9474-1A3956D46DE8}") = "Solution Items", "Solution Items", "{6ABAFE98-730B-4CE2-AC8B-CD7A3304601C}"
	ProjectSection(SolutionItems) = preProject
		ReadME.md = ReadME.md
	EndProjectSection
EndProject
Global
	GlobalSection(SolutionConfigurationPlatforms) = preSolution
		Debug|Any CPU = Debug|Any CPU
		Release|Any CPU = Release|Any CPU
	EndGlobalSection
	GlobalSection(ProjectConfigurationPlatforms) = postSolution
		{4E3CC379-0A6E-42BA-9F20-29222D054CC9}.Debug|Any CPU.ActiveCfg = Debug|Any CPU
		{4E3CC379-0A6E-42BA-9F20-29222D054CC9}.Debug|Any CPU.Build.0 = Debug|Any CPU
		{4E3CC379-0A6E-42BA-9F20-29222D054CC9}.Release|Any CPU.ActiveCfg = Release|Any CPU
		{4E3CC379-0A6E-42BA-9F20-29222D054CC9}.Release|Any CPU.Build.0 = Release|Any CPU
	EndGlobalSection
	GlobalSection(SolutionProperties) = preSolution
		HideSolutionNode = FALSE
	EndGlobalSection
	GlobalSection(ExtensibilityGlobals) = postSolution
		SolutionGuid = {2CF7C3D3-1CC4-422E-A8A1-3B6CB278E490}
	EndGlobalSection
EndGlobal
